
Microsoft Visual Studio Solution File, Format Version 12.00
# Visual Studio 2013
VisualStudioVersion = 12.0.21005.1
MinimumVisualStudioVersion = 10.0.40219.1
Project("{FAE04EC0-301F-11D3-BF4B-00C04F79EFBC}") = "Exercise5", "Exercise5\Exercise5.csproj", "{100FA057-0F96-4ACC-8757-BF4D83D98421}"
EndProject
Project("{FAE04EC0-301F-11D3-BF4B-00C04F79EFBC}") = "Exercise 1", "Exercise 1\Exercise 1.csproj", "{EF64E074-BEDE-4BA9-A8DB-5C79BFAC66F8}"
EndProject
Project("{FAE04EC0-301F-11D3-BF4B-00C04F79EFBC}") = "Exercise 2", "Exercise 2\Exercise 2.csproj", "{797907BB-F4BE-41E3-B988-10C73E653B05}"
EndProject
Project("{FAE04EC0-301F-11D3-BF4B-00C04F79EFBC}") = "Exercise 3", "Exercise 3\Exercise 3.csproj", "{8A2F87E0-F604-481C-BF80-061B35CF80A5}"
EndProject
Project("{FAE04EC0-301F-11D3-BF4B-00C04F79EFBC}") = "Exercise 4", "Exercise 4\Exercise 4.csproj", "{7B42BDE1-7801-49DD-85A4-850D56FD6A4B}"
EndProject
Project("{FAE04EC0-301F-11D3-BF4B-00C04F79EFBC}") = "Exercise 5 (2)", "Exercise 5 (2)\Exercise 5 (2).csproj", "{839D5ADC-75DD-43AB-9674-6A64212AC1A3}"
EndProject
Global
	GlobalSection(SolutionConfigurationPlatforms) = preSolution
		Debug|Any CPU = Debug|Any CPU
		Release|Any CPU = Release|Any CPU
	EndGlobalSection
	GlobalSection(ProjectConfigurationPlatforms) = postSolution
		{100FA057-0F96-4ACC-8757-BF4D83D98421}.Debug|Any CPU.ActiveCfg = Debug|Any CPU
		{100FA057-0F96-4ACC-8757-BF4D83D98421}.Debug|Any CPU.Build.0 = Debug|Any CPU
		{100FA057-0F96-4ACC-8757-BF4D83D98421}.Release|Any CPU.ActiveCfg = Release|Any CPU
		{100FA057-0F96-4ACC-8757-BF4D83D98421}.Release|Any CPU.Build.0 = Release|Any CPU
		{EF64E074-BEDE-4BA9-A8DB-5C79BFAC66F8}.Debug|Any CPU.ActiveCfg = Debug|Any CPU
		{EF64E074-BEDE-4BA9-A8DB-5C79BFAC66F8}.Debug|Any CPU.Build.0 = Debug|Any CPU
		{EF64E074-BEDE-4BA9-A8DB-5C79BFAC66F8}.Release|Any CPU.ActiveCfg = Release|Any CPU
		{EF64E074-BEDE-4BA9-A8DB-5C79BFAC66F8}.Release|Any CPU.Build.0 = Release|Any CPU
		{797907BB-F4BE-41E3-B988-10C73E653B05}.Debug|Any CPU.ActiveCfg = Debug|Any CPU
		{797907BB-F4BE-41E3-B988-10C73E653B05}.Debug|Any CPU.Build.0 = Debug|Any CPU
		{797907BB-F4BE-41E3-B988-10C73E653B05}.Release|Any CPU.ActiveCfg = Release|Any CPU
		{797907BB-F4BE-41E3-B988-10C73E653B05}.Release|Any CPU.Build.0 = Release|Any CPU
		{8A2F87E0-F604-481C-BF80-061B35CF80A5}.Debug|Any CPU.ActiveCfg = Debug|Any CPU
		{8A2F87E0-F604-481C-BF80-061B35CF80A5}.Debug|Any CPU.Build.0 = Debug|Any CPU
		{8A2F87E0-F604-481C-BF80-061B35CF80A5}.Release|Any CPU.ActiveCfg = Release|Any CPU
		{8A2F87E0-F604-481C-BF80-061B35CF80A5}.Release|Any CPU.Build.0 = Release|Any CPU
		{7B42BDE1-7801-49DD-85A4-850D56FD6A4B}.Debug|Any CPU.ActiveCfg = Debug|Any CPU
		{7B42BDE1-7801-49DD-85A4-850D56FD6A4B}.Debug|Any CPU.Build.0 = Debug|Any CPU
		{7B42BDE1-7801-49DD-85A4-850D56FD6A4B}.Release|Any CPU.ActiveCfg = Release|Any CPU
		{7B42BDE1-7801-49DD-85A4-850D56FD6A4B}.Release|Any CPU.Build.0 = Release|Any CPU
		{839D5ADC-75DD-43AB-9674-6A64212AC1A3}.Debug|Any CPU.ActiveCfg = Debug|Any CPU
		{839D5ADC-75DD-43AB-9674-6A64212AC1A3}.Debug|Any CPU.Build.0 = Debug|Any CPU
		{839D5ADC-75DD-43AB-9674-6A64212AC1A3}.Release|Any CPU.ActiveCfg = Release|Any CPU
		{839D5ADC-75DD-43AB-9674-6A64212AC1A3}.Release|Any CPU.Build.0 = Release|Any CPU
	EndGlobalSection
	GlobalSection(SolutionProperties) = preSolution
		HideSolutionNode = FALSE
	EndGlobalSection
EndGlobal
